
Microsoft Visual Studio Solution File, Format Version 12.00
# Visual Studio 15
VisualStudioVersion = 15.0.28307.136
MinimumVisualStudioVersion = 10.0.40219.1
Project("{9A19103F-16F7-4668-BE54-9A1E7A4F7556}") = "Demo", "OneOf\Demo.csproj", "{8F4C8A27-21BB-4B5D-A8B5-1CE7802B3C65}"
EndProject
Global
	GlobalSection(SolutionConfigurationPlatforms) = preSolution
		Debug|Any CPU = Debug|Any CPU
		Release|Any CPU = Release|Any CPU
	EndGlobalSection
	GlobalSection(ProjectConfigurationPlatforms) = postSolution
		{8F4C8A27-21BB-4B5D-A8B5-1CE7802B3C65}.Debug|Any CPU.ActiveCfg = Debug|Any CPU
		{8F4C8A27-21BB-4B5D-A8B5-1CE7802B3C65}.Debug|Any CPU.Build.0 = Debug|Any CPU
		{8F4C8A27-21BB-4B5D-A8B5-1CE7802B3C65}.Release|Any CPU.ActiveCfg = Release|Any CPU
		{8F4C8A27-21BB-4B5D-A8B5-1CE7802B3C65}.Release|Any CPU.Build.0 = Release|Any CPU
	EndGlobalSection
	GlobalSection(SolutionProperties) = preSolution
		HideSolutionNode = FALSE
	EndGlobalSection
	GlobalSection(ExtensibilityGlobals) = postSolution
		SolutionGuid = {3DE15972-39A1-42AD-A056-B190E1AEEC9E}
	EndGlobalSection
EndGlobal
